
Microsoft Visual Studio Solution File, Format Version 12.00
# Visual Studio Version 17
VisualStudioVersion = 17.5.33530.505
MinimumVisualStudioVersion = 10.0.40219.1
Project("{FAE04EC0-301F-11D3-BF4B-00C04F79EFBC}") = "Dapper.Crud.VSExtension", "Dapper.Crud.VSExtension\Dapper.Crud.VSExtension.csproj", "{E1F9280B-5191-4741-A4A9-C78DE32FFF7E}"
EndProject
Project("{FAE04EC0-301F-11D3-BF4B-00C04F79EFBC}") = "Dapper.Crud.Tests", "Dapper.Crud.Tests\Dapper.Crud.Tests.csproj", "{B360C8AD-69E6-4046-BEC6-E240DD5C6C51}"
EndProject
Global
	GlobalSection(SolutionConfigurationPlatforms) = preSolution
		Debug|Any CPU = Debug|Any CPU
		Release|Any CPU = Release|Any CPU
	EndGlobalSection
	GlobalSection(ProjectConfigurationPlatforms) = postSolution
		{E1F9280B-5191-4741-A4A9-C78DE32FFF7E}.Debug|Any CPU.ActiveCfg = Debug|Any CPU
		{E1F9280B-5191-4741-A4A9-C78DE32FFF7E}.Debug|Any CPU.Build.0 = Debug|Any CPU
		{E1F9280B-5191-4741-A4A9-C78DE32FFF7E}.Release|Any CPU.ActiveCfg = Release|Any CPU
		{E1F9280B-5191-4741-A4A9-C78DE32FFF7E}.Release|Any CPU.Build.0 = Release|Any CPU
		{B360C8AD-69E6-4046-BEC6-E240DD5C6C51}.Debug|Any CPU.ActiveCfg = Debug|Any CPU
		{B360C8AD-69E6-4046-BEC6-E240DD5C6C51}.Debug|Any CPU.Build.0 = Debug|Any CPU
		{B360C8AD-69E6-4046-BEC6-E240DD5C6C51}.Release|Any CPU.ActiveCfg = Release|Any CPU
		{B360C8AD-69E6-4046-BEC6-E240DD5C6C51}.Release|Any CPU.Build.0 = Release|Any CPU
	EndGlobalSection
	GlobalSection(SolutionProperties) = preSolution
		HideSolutionNode = FALSE
	EndGlobalSection
	GlobalSection(ExtensibilityGlobals) = postSolution
		SolutionGuid = {B34CFBC5-D1C9-477F-A16F-8404D48E6C83}
	EndGlobalSection
EndGlobal
