
Microsoft Visual Studio Solution File, Format Version 12.00
# Visual Studio Version 17
VisualStudioVersion = 17.5.33530.505
MinimumVisualStudioVersion = 10.0.40219.1
Project("{FAE04EC0-301F-11D3-BF4B-00C04F79EFBC}") = "Dapper.Crud.SampleProject", "Dapper.Crud.SampleProject.csproj", "{96FB15C6-8CFA-42C8-BD4D-A26E9EA3156C}"
EndProject
Global
	GlobalSection(SolutionConfigurationPlatforms) = preSolution
		Debug|Any CPU = Debug|Any CPU
		Release|Any CPU = Release|Any CPU
	EndGlobalSection
	GlobalSection(ProjectConfigurationPlatforms) = postSolution
		{96FB15C6-8CFA-42C8-BD4D-A26E9EA3156C}.Debug|Any CPU.ActiveCfg = Debug|Any CPU
		{96FB15C6-8CFA-42C8-BD4D-A26E9EA3156C}.Debug|Any CPU.Build.0 = Debug|Any CPU
		{96FB15C6-8CFA-42C8-BD4D-A26E9EA3156C}.Release|Any CPU.ActiveCfg = Release|Any CPU
		{96FB15C6-8CFA-42C8-BD4D-A26E9EA3156C}.Release|Any CPU.Build.0 = Release|Any CPU
	EndGlobalSection
	GlobalSection(SolutionProperties) = preSolution
		HideSolutionNode = FALSE
	EndGlobalSection
	GlobalSection(ExtensibilityGlobals) = postSolution
		SolutionGuid = {95460D79-1FBB-4AB2-9431-251BE90E6767}
	EndGlobalSection
EndGlobal
